speakeasyVersion: 1.490.0
sources:
    Holiday Destinations API:
        sourceNamespace: holiday-destinations-api
        sourceRevisionDigest: sha256:6673a3a5fecde9677c7d91366ef05fc3f96bf31aff9f07900276c590c9ec2322
        sourceBlobDigest: sha256:b269394a48aa239da1334c1dd53707b44627a018a66405c8426d922f055e4f43
        tags:
            - latest
targets:
    holiday:
        source: Holiday Destinations API
        sourceNamespace: holiday-destinations-api
        sourceRevisionDigest: sha256:6673a3a5fecde9677c7d91366ef05fc3f96bf31aff9f07900276c590c9ec2322
        sourceBlobDigest: sha256:b269394a48aa239da1334c1dd53707b44627a018a66405c8426d922f055e4f43
        codeSamplesNamespace: holiday-destinations-api-typescript-code-samples
        codeSamplesRevisionDigest: sha256:0e0aa43054b3af2780c4e1d5e730eb2b616c4a684336db34887f576fb138dbaf
workflow:
    workflowVersion: 1.0.0
    speakeasyVersion: latest
    sources:
        Holiday Destinations API:
            inputs:
                - location: registry.speakeasyapi.dev/ritza-rzx/ritza/holiday-destinations-api
            registry:
                location: registry.speakeasyapi.dev/ritza-rzx/ritza/holiday-destinations-api
    targets:
        holiday:
            target: typescript
            source: Holiday Destinations API
            publish:
                npm:
                    token: $npm_token
            codeSamples:
                registry:
                    location: registry.speakeasyapi.dev/ritza-rzx/ritza/holiday-destinations-api-typescript-code-samples
                style: readme
                langOverride: javascript
                labelOverride:
                    fixedValue: Typescript (SDK)
                blocking: false
